// !$*UTF8*$!
{
	archiveVersion = 1;
	classes = {
	};
	objectVersion = 56;
	objects = {

/* Begin PBXBuildFile section */
		D2320E91296D4BB100619071 /* Memo_for_IPhoneApp.swift in Sources */ = {isa = PBXBuildFile; fileRef = D2320E90296D4BB100619071 /* Memo_for_IPhoneApp.swift */; };
		D2320E95296D4BB200619071 /* Assets.xcassets in Resources */ = {isa = PBXBuildFile; fileRef = D2320E94296D4BB200619071 /* Assets.xcassets */; };
		D2320E98296D4BB200619071 /* Preview Assets.xcassets in Resources */ = {isa = PBXBuildFile; fileRef = D2320E97296D4BB200619071 /* Preview Assets.xcassets */; };
		D2320E9A296D4BB200619071 /* Persistence.swift in Sources */ = {isa = PBXBuildFile; fileRef = D2320E99296D4BB200619071 /* Persistence.swift */; };
		D2320E9D296D4BB200619071 /* Memo_for_IPhone.xcdatamodeld in Sources */ = {isa = PBXBuildFile; fileRef = D2320E9B296D4BB200619071 /* Memo_for_IPhone.xcdatamodeld */; };
		D2320EA4296D4C4C00619071 /* MainListView.swift in Sources */ = {isa = PBXBuildFile; fileRef = D2320EA3296D4C4C00619071 /* MainListView.swift */; };
		D2320EA8296D4D0200619071 /* Memo.swift in Sources */ = {isa = PBXBuildFile; fileRef = D2320EA7296D4D0200619071 /* Memo.swift */; };
		D2320EAC296D4DCE00619071 /* MemoStore.swift in Sources */ = {isa = PBXBuildFile; fileRef = D2320EAB296D4DCE00619071 /* MemoStore.swift */; };
		D2320EAF296D529700619071 /* MemoCell.swift in Sources */ = {isa = PBXBuildFile; fileRef = D2320EAE296D529700619071 /* MemoCell.swift */; };
		D2320EB1296D533300619071 /* ComposeView.swift in Sources */ = {isa = PBXBuildFile; fileRef = D2320EB0296D533300619071 /* ComposeView.swift */; };
		D2320EB3296D56C200619071 /* DetailView.swift in Sources */ = {isa = PBXBuildFile; fileRef = D2320EB2296D56C200619071 /* DetailView.swift */; };
/* End PBXBuildFile section */

/* Begin PBXFileReference section */
		D2320E8D296D4BB100619071 /* Memo for IPhone.app */ = {isa = PBXFileReference; explicitFileType = wrapper.application; includeInIndex = 0; path = "Memo for IPhone.app"; sourceTree = BUILT_PRODUCTS_DIR; };
		D2320E90296D4BB100619071 /* Memo_for_IPhoneApp.swift */ = {isa = PBXFileReference; lastKnownFileType = sourcecode.swift; path = Memo_for_IPhoneApp.swift; sourceTree = "<group>"; };
		D2320E94296D4BB200619071 /* Assets.xcassets */ = {isa = PBXFileReference; lastKnownFileType = folder.assetcatalog; path = Assets.xcassets; sourceTree = "<group>"; };
		D2320E97296D4BB200619071 /* Preview Assets.xcassets */ = {isa = PBXFileReference; lastKnownFileType = folder.assetcatalog; path = "Preview Assets.xcassets"; sourceTree = "<group>"; };
		D2320E99296D4BB200619071 /* Persistence.swift */ = {isa = PBXFileReference; lastKnownFileType = sourcecode.swift; path = Persistence.swift; sourceTree = "<group>"; };
		D2320E9C296D4BB200619071 /* Memo_for_IPhone.xcdatamodel */ = {isa = PBXFileReference; lastKnownFileType = wrapper.xcdatamodel; path = Memo_for_IPhone.xcdatamodel; sourceTree = "<group>"; };
		D2320EA3296D4C4C00619071 /* MainListView.swift */ = {isa = PBXFileReference; lastKnownFileType = sourcecode.swift; path = MainListView.swift; sourceTree = "<group>"; };
		D2320EA7296D4D0200619071 /* Memo.swift */ = {isa = PBXFileReference; lastKnownFileType = sourcecode.swift; path = Memo.swift; sourceTree = "<group>"; };
		D2320EAB296D4DCE00619071 /* MemoStore.swift */ = {isa = PBXFileReference; lastKnownFileType = sourcecode.swift; path = MemoStore.swift; sourceTree = "<group>"; };
		D2320EAE296D529700619071 /* MemoCell.swift */ = {isa = PBXFileReference; lastKnownFileType = sourcecode.swift; path = MemoCell.swift; sourceTree = "<group>"; };
		D2320EB0296D533300619071 /* ComposeView.swift */ = {isa = PBXFileReference; lastKnownFileType = sourcecode.swift; path = ComposeView.swift; sourceTree = "<group>"; };
		D2320EB2296D56C200619071 /* DetailView.swift */ = {isa = PBXFileReference; lastKnownFileType = sourcecode.swift; path = DetailView.swift; sourceTree = "<group>"; };
/* End PBXFileReference section */

/* Begin PBXFrameworksBuildPhase section */
		D2320E8A296D4BB100619071 /* Frameworks */ = {
			isa = PBXFrameworksBuildPhase;
			buildActionMask = 2147483647;
			files = (
			);
			runOnlyForDeploymentPostprocessing = 0;
		};
/* End PBXFrameworksBuildPhase section */

/* Begin PBXGroup section */
		D2320E84296D4BB100619071 = {
			isa = PBXGroup;
			children = (
				D2320E8F296D4BB100619071 /* Memo for IPhone */,
				D2320E8E296D4BB100619071 /* Products */,
			);
			sourceTree = "<group>";
		};
		D2320E8E296D4BB100619071 /* Products */ = {
			isa = PBXGroup;
			children = (
				D2320E8D296D4BB100619071 /* Memo for IPhone.app */,
			);
			name = Products;
			sourceTree = "<group>";
		};
		D2320E8F296D4BB100619071 /* Memo for IPhone */ = {
			isa = PBXGroup;
			children = (
				D2320EAD296D528000619071 /* View */,
				D2320EA6296D4CA000619071 /* Memory */,
				D2320EA5296D4C9700619071 /* CoreData */,
				D2320E90296D4BB100619071 /* Memo_for_IPhoneApp.swift */,
				D2320E94296D4BB200619071 /* Assets.xcassets */,
				D2320E96296D4BB200619071 /* Preview Content */,
			);
			path = "Memo for IPhone";
			sourceTree = "<group>";
		};
		D2320E96296D4BB200619071 /* Preview Content */ = {
			isa = PBXGroup;
			children = (
				D2320E97296D4BB200619071 /* Preview Assets.xcassets */,
			);
			path = "Preview Content";
			sourceTree = "<group>";
		};
		D2320EA5296D4C9700619071 /* CoreData */ = {
			isa = PBXGroup;
			children = (
				D2320E99296D4BB200619071 /* Persistence.swift */,
				D2320E9B296D4BB200619071 /* Memo_for_IPhone.xcdatamodeld */,
			);
			path = CoreData;
			sourceTree = "<group>";
		};
		D2320EA6296D4CA000619071 /* Memory */ = {
			isa = PBXGroup;
			children = (
				D2320EA7296D4D0200619071 /* Memo.swift */,
				D2320EAB296D4DCE00619071 /* MemoStore.swift */,
			);
			path = Memory;
			sourceTree = "<group>";
		};
		D2320EAD296D528000619071 /* View */ = {
			isa = PBXGroup;
			children = (
				D2320EAE296D529700619071 /* MemoCell.swift */,
				D2320EA3296D4C4C00619071 /* MainListView.swift */,
				D2320EB0296D533300619071 /* ComposeView.swift */,
				D2320EB2296D56C200619071 /* DetailView.swift */,
			);
			path = View;
			sourceTree = "<group>";
		};
/* End PBXGroup section */

/* Begin PBXNativeTarget section */
		D2320E8C296D4BB100619071 /* Memo for IPhone */ = {
			isa = PBXNativeTarget;
			buildConfigurationList = D2320EA0296D4BB200619071 /* Build configuration list for PBXNativeTarget "Memo for IPhone" */;
			buildPhases = (
				D2320E89296D4BB100619071 /* Sources */,
				D2320E8A296D4BB100619071 /* Frameworks */,
				D2320E8B296D4BB100619071 /* Resources */,
			);
			buildRules = (
			);
			dependencies = (
			);
			name = "Memo for IPhone";
			productName = "Memo for IPhone";
			productReference = D2320E8D296D4BB100619071 /* Memo for IPhone.app */;
			productType = "com.apple.product-type.application";
		};
/* End PBXNativeTarget section */

/* Begin PBXProject section */
		D2320E85296D4BB100619071 /* Project object */ = {
			isa = PBXProject;
			attributes = {
				BuildIndependentTargetsInParallel = 1;
				LastSwiftUpdateCheck = 1420;
				LastUpgradeCheck = 1420;
				TargetAttributes = {
					D2320E8C296D4BB100619071 = {
						CreatedOnToolsVersion = 14.2;
					};
				};
			};
			buildConfigurationList = D2320E88296D4BB100619071 /* Build configuration list for PBXProject "Memo for IPhone" */;
			compatibilityVersion = "Xcode 14.0";
			developmentRegion = en;
			hasScannedForEncodings = 0;
			knownRegions = (
				en,
				Base,
			);
			mainGroup = D2320E84296D4BB100619071;
			productRefGroup = D2320E8E296D4BB100619071 /* Products */;
			projectDirPath = "";
			projectRoot = "";
			targets = (
				D2320E8C296D4BB100619071 /* Memo for IPhone */,
			);
		};
/* End PBXProject section */

/* Begin PBXResourcesBuildPhase section */
		D2320E8B296D4BB100619071 /* Resources */ = {
			isa = PBXResourcesBuildPhase;
			buildActionMask = 2147483647;
			files = (
				D2320E98296D4BB200619071 /* Preview Assets.xcassets in Resources */,
				D2320E95296D4BB200619071 /* Assets.xcassets in Resources */,
			);
			runOnlyForDeploymentPostprocessing = 0;
		};
/* End PBXResourcesBuildPhase section */

/* Begin PBXSourcesBuildPhase section */
		D2320E89296D4BB100619071 /* Sources */ = {
			isa = PBXSourcesBuildPhase;
			buildActionMask = 2147483647;
			files = (
				D2320EAF296D529700619071 /* MemoCell.swift in Sources */,
				D2320EB3296D56C200619071 /* DetailView.swift in Sources */,
				D2320E9A296D4BB200619071 /* Persistence.swift in Sources */,
				D2320EAC296D4DCE00619071 /* MemoStore.swift in Sources */,
				D2320EA4296D4C4C00619071 /* MainListView.swift in Sources */,
				D2320E9D296D4BB200619071 /* Memo_for_IPhone.xcdatamodeld in Sources */,
				D2320EB1296D533300619071 /* ComposeView.swift in Sources */,
				D2320E91296D4BB100619071 /* Memo_for_IPhoneApp.swift in Sources */,
				D2320EA8296D4D0200619071 /* Memo.swift in Sources */,
			);
			runOnlyForDeploymentPostprocessing = 0;
		};
/* End PBXSourcesBuildPhase section */

/* Begin XCBuildConfiguration section */
		D2320E9E296D4BB200619071 /* Debug */ = {
			isa = XCBuildConfiguration;
			buildSettings = {
				ALWAYS_SEARCH_USER_PATHS = NO;
				CLANG_ANALYZER_NONNULL = YES;
				CLANG_ANALYZER_NUMBER_OBJECT_CONVERSION = YES_AGGRESSIVE;
				CLANG_CXX_LANGUAGE_STANDARD = "gnu++20";
				CLANG_ENABLE_MODULES = YES;
				CLANG_ENABLE_OBJC_ARC = YES;
				CLANG_ENABLE_OBJC_WEAK = YES;
				CLANG_WARN_BLOCK_CAPTURE_AUTORELEASING = YES;
				CLANG_WARN_BOOL_CONVERSION = YES;
				CLANG_WARN_COMMA = YES;
				CLANG_WARN_CONSTANT_CONVERSION = YES;
				CLANG_WARN_DEPRECATED_OBJC_IMPLEMENTATIONS = YES;
				CLANG_WARN_DIRECT_OBJC_ISA_USAGE = YES_ERROR;
				CLANG_WARN_DOCUMENTATION_COMMENTS = YES;
				CLANG_WARN_EMPTY_BODY = YES;
				CLANG_WARN_ENUM_CONVERSION = YES;
				CLANG_WARN_INFINITE_RECURSION = YES;
				CLANG_WARN_INT_CONVERSION = YES;
				CLANG_WARN_NON_LITERAL_NULL_CONVERSION = YES;
				CLANG_WARN_OBJC_IMPLICIT_RETAIN_SELF = YES;
				CLANG_WARN_OBJC_LITERAL_CONVERSION = YES;
				CLANG_WARN_OBJC_ROOT_CLASS = YES_ERROR;
				CLANG_WARN_QUOTED_INCLUDE_IN_FRAMEWORK_HEADER = YES;
				CLANG_WARN_RANGE_LOOP_ANALYSIS = YES;
				CLANG_WARN_STRICT_PROTOTYPES = YES;
				CLANG_WARN_SUSPICIOUS_MOVE = YES;
				CLANG_WARN_UNGUARDED_AVAILABILITY = YES_AGGRESSIVE;
				CLANG_WARN_UNREACHABLE_CODE = YES;
				CLANG_WARN__DUPLICATE_METHOD_MATCH = YES;
				COPY_PHASE_STRIP = NO;
				DEBUG_INFORMATION_FORMAT = dwarf;
				ENABLE_STRICT_OBJC_MSGSEND = YES;
				ENABLE_TESTABILITY = YES;
				GCC_C_LANGUAGE_STANDARD = gnu11;
				GCC_DYNAMIC_NO_PIC = NO;
				GCC_NO_COMMON_BLOCKS = YES;
				GCC_OPTIMIZATION_LEVEL = 0;
				GCC_PREPROCESSOR_DEFINITIONS = (
					"DEBUG=1",
					"$(inherited)",
				);
				GCC_WARN_64_TO_32_BIT_CONVERSION = YES;
				GCC_WARN_ABOUT_RETURN_TYPE = YES_ERROR;
				GCC_WARN_UNDECLARED_SELECTOR = YES;
				GCC_WARN_UNINITIALIZED_AUTOS = YES_AGGRESSIVE;
				GCC_WARN_UNUSED_FUNCTION = YES;
				GCC_WARN_UNUSED_VARIABLE = YES;
				IPHONEOS_DEPLOYMENT_TARGET = 16.2;
				MTL_ENABLE_DEBUG_INFO = INCLUDE_SOURCE;
				MTL_FAST_MATH = YES;
				ONLY_ACTIVE_ARCH = YES;
				SDKROOT = iphoneos;
				SWIFT_ACTIVE_COMPILATION_CONDITIONS = DEBUG;
				SWIFT_OPTIMIZATION_LEVEL = "-Onone";
			};
			name = Debug;
		};
		D2320E9F296D4BB200619071 /* Release */ = {
			isa = XCBuildConfiguration;
			buildSettings = {
				ALWAYS_SEARCH_USER_PATHS = NO;
				CLANG_ANALYZER_NONNULL = YES;
				CLANG_ANALYZER_NUMBER_OBJECT_CONVERSION = YES_AGGRESSIVE;
				CLANG_CXX_LANGUAGE_STANDARD = "gnu++20";
				CLANG_ENABLE_MODULES = YES;
				CLANG_ENABLE_OBJC_ARC = YES;
				CLANG_ENABLE_OBJC_WEAK = YES;
				CLANG_WARN_BLOCK_CAPTURE_AUTORELEASING = YES;
				CLANG_WARN_BOOL_CONVERSION = YES;
				CLANG_WARN_COMMA = YES;
				CLANG_WARN_CONSTANT_CONVERSION = YES;
				CLANG_WARN_DEPRECATED_OBJC_IMPLEMENTATIONS = YES;
				CLANG_WARN_DIRECT_OBJC_ISA_USAGE = YES_ERROR;
				CLANG_WARN_DOCUMENTATION_COMMENTS = YES;
				CLANG_WARN_EMPTY_BODY = YES;
				CLANG_WARN_ENUM_CONVERSION = YES;
				CLANG_WARN_INFINITE_RECURSION = YES;
				CLANG_WARN_INT_CONVERSION = YES;
				CLANG_WARN_NON_LITERAL_NULL_CONVERSION = YES;
				CLANG_WARN_OBJC_IMPLICIT_RETAIN_SELF = YES;
				CLANG_WARN_OBJC_LITERAL_CONVERSION = YES;
				CLANG_WARN_OBJC_ROOT_CLASS = YES_ERROR;
				CLANG_WARN_QUOTED_INCLUDE_IN_FRAMEWORK_HEADER = YES;
				CLANG_WARN_RANGE_LOOP_ANALYSIS = YES;
				CLANG_WARN_STRICT_PROTOTYPES = YES;
				CLANG_WARN_SUSPICIOUS_MOVE = YES;
				CLANG_WARN_UNGUARDED_AVAILABILITY = YES_AGGRESSIVE;
				CLANG_WARN_UNREACHABLE_CODE = YES;
				CLANG_WARN__DUPLICATE_METHOD_MATCH = YES;
				COPY_PHASE_STRIP = NO;
				DEBUG_INFORMATION_FORMAT = "dwarf-with-dsym";
				ENABLE_NS_ASSERTIONS = NO;
				ENABLE_STRICT_OBJC_MSGSEND = YES;
				GCC_C_LANGUAGE_STANDARD = gnu11;
				GCC_NO_COMMON_BLOCKS = YES;
				GCC_WARN_64_TO_32_BIT_CONVERSION = YES;
				GCC_WARN_ABOUT_RETURN_TYPE = YES_ERROR;
				GCC_WARN_UNDECLARED_SELECTOR = YES;
				GCC_WARN_UNINITIALIZED_AUTOS = YES_AGGRESSIVE;
				GCC_WARN_UNUSED_FUNCTION = YES;
				GCC_WARN_UNUSED_VARIABLE = YES;
				IPHONEOS_DEPLOYMENT_TARGET = 16.2;
				MTL_ENABLE_DEBUG_INFO = NO;
				MTL_FAST_MATH = YES;
				SDKROOT = iphoneos;
				SWIFT_COMPILATION_MODE = wholemodule;
				SWIFT_OPTIMIZATION_LEVEL = "-O";
				VALIDATE_PRODUCT = YES;
			};
			name = Release;
		};
		D2320EA1296D4BB200619071 /* Debug */ = {
			isa = XCBuildConfiguration;
			buildSettings = {
				ASSETCATALOG_COMPILER_APPICON_NAME = AppIcon;
				ASSETCATALOG_COMPILER_GLOBAL_ACCENT_COLOR_NAME = AccentColor;
				CODE_SIGN_STYLE = Automatic;
				CURRENT_PROJECT_VERSION = 1;
				DEVELOPMENT_ASSET_PATHS = "\"Memo for IPhone/Preview Content\"";
				DEVELOPMENT_TEAM = MT65734QG5;
				ENABLE_PREVIEWS = YES;
				GENERATE_INFOPLIST_FILE = YES;
				INFOPLIST_KEY_UIApplicationSceneManifest_Generation = YES;
				INFOPLIST_KEY_UIApplicationSupportsIndirectInputEvents = YES;
				INFOPLIST_KEY_UILaunchScreen_Generation = YES;
				INFOPLIST_KEY_UISupportedInterfaceOrientations_iPad = "UIInterfaceOrientationPortrait UIInterfaceOrientationPortraitUpsideDown UIInterfaceOrientationLandscapeLeft UIInterfaceOrientationLandscapeRight";
				INFOPLIST_KEY_UISupportedInterfaceOrientations_iPhone = "UIInterfaceOrientationPortrait UIInterfaceOrientationLandscapeLeft UIInterfaceOrientationLandscapeRight";
				LD_RUNPATH_SEARCH_PATHS = (
					"$(inherited)",
					"@executable_path/Frameworks",
				);
				MARKETING_VERSION = 1.0;
				PRODUCT_BUNDLE_IDENTIFIER = "class.Memo-for-IPhone";
				PRODUCT_NAME = "$(TARGET_NAME)";
				SWIFT_EMIT_LOC_STRINGS = YES;
				SWIFT_VERSION = 5.0;
				TARGETED_DEVICE_FAMILY = "1,2";
			};
			name = Debug;
		};
		D2320EA2296D4BB200619071 /* Release */ = {
			isa = XCBuildConfiguration;
			buildSettings = {
				ASSETCATALOG_COMPILER_APPICON_NAME = AppIcon;
				ASSETCATALOG_COMPILER_GLOBAL_ACCENT_COLOR_NAME = AccentColor;
				CODE_SIGN_STYLE = Automatic;
				CURRENT_PROJECT_VERSION = 1;
				DEVELOPMENT_ASSET_PATHS = "\"Memo for IPhone/Preview Content\"";
				DEVELOPMENT_TEAM = MT65734QG5;
				ENABLE_PREVIEWS = YES;
				GENERATE_INFOPLIST_FILE = YES;
				INFOPLIST_KEY_UIApplicationSceneManifest_Generation = YES;
				INFOPLIST_KEY_UIApplicationSupportsIndirectInputEvents = YES;
				INFOPLIST_KEY_UILaunchScreen_Generation = YES;
				INFOPLIST_KEY_UISupportedInterfaceOrientations_iPad = "UIInterfaceOrientationPortrait UIInterfaceOrientationPortraitUpsideDown UIInterfaceOrientationLandscapeLeft UIInterfaceOrientationLandscapeRight";
				INFOPLIST_KEY_UISupportedInterfaceOrientations_iPhone = "UIInterfaceOrientationPortrait UIInterfaceOrientationLandscapeLeft UIInterfaceOrientationLandscapeRight";
				LD_RUNPATH_SEARCH_PATHS = (
					"$(inherited)",
					"@executable_path/Frameworks",
				);
				MARKETING_VERSION = 1.0;
				PRODUCT_BUNDLE_IDENTIFIER = "class.Memo-for-IPhone";
				PRODUCT_NAME = "$(TARGET_NAME)";
				SWIFT_EMIT_LOC_STRINGS = YES;
				SWIFT_VERSION = 5.0;
				TARGETED_DEVICE_FAMILY = "1,2";
			};
			name = Release;
		};
/* End XCBuildConfiguration section */

/* Begin XCConfigurationList section */
		D2320E88296D4BB100619071 /* Build configuration list for PBXProject "Memo for IPhone" */ = {
			isa = XCConfigurationList;
			buildConfigurations = (
				D2320E9E296D4BB200619071 /* Debug */,
				D2320E9F296D4BB200619071 /* Release */,
			);
			defaultConfigurationIsVisible = 0;
			defaultConfigurationName = Release;
		};
		D2320EA0296D4BB200619071 /* Build configuration list for PBXNativeTarget "Memo for IPhone" */ = {
			isa = XCConfigurationList;
			buildConfigurations = (
				D2320EA1296D4BB200619071 /* Debug */,
				D2320EA2296D4BB200619071 /* Release */,
			);
			defaultConfigurationIsVisible = 0;
			defaultConfigurationName = Release;
		};
/* End XCConfigurationList section */

/* Begin XCVersionGroup section */
		D2320E9B296D4BB200619071 /* Memo_for_IPhone.xcdatamodeld */ = {
			isa = XCVersionGroup;
			children = (
				D2320E9C296D4BB200619071 /* Memo_for_IPhone.xcdatamodel */,
			);
			currentVersion = D2320E9C296D4BB200619071 /* Memo_for_IPhone.xcdatamodel */;
			path = Memo_for_IPhone.xcdatamodeld;
			sourceTree = "<group>";
			versionGroupType = wrapper.xcdatamodel;
		};
/* End XCVersionGroup section */
	};
	rootObject = D2320E85296D4BB100619071 /* Project object */;
}
